// !$*UTF8*$!
{
	archiveVersion = 1;
	classes = {
	};
	objectVersion = 56;
	objects = {

/* Begin PBXBuildFile section */
		BE2EC04429507B9D00D8067C /* AppDelegate.swift in Sources */ = {isa = PBXBuildFile; fileRef = BE2EC04329507B9D00D8067C /* AppDelegate.swift */; };
		BE2EC04629507B9D00D8067C /* SceneDelegate.swift in Sources */ = {isa = PBXBuildFile; fileRef = BE2EC04529507B9D00D8067C /* SceneDelegate.swift */; };
		BE2EC04829507B9D00D8067C /* HomeViewController.swift in Sources */ = {isa = PBXBuildFile; fileRef = BE2EC04729507B9D00D8067C /* HomeViewController.swift */; };
		BE2EC04B29507B9D00D8067C /* Main.storyboard in Resources */ = {isa = PBXBuildFile; fileRef = BE2EC04929507B9D00D8067C /* Main.storyboard */; };
		BE2EC04D29507B9E00D8067C /* Assets.xcassets in Resources */ = {isa = PBXBuildFile; fileRef = BE2EC04C29507B9E00D8067C /* Assets.xcassets */; };
		BE2EC05029507B9E00D8067C /* LaunchScreen.storyboard in Resources */ = {isa = PBXBuildFile; fileRef = BE2EC04E29507B9E00D8067C /* LaunchScreen.storyboard */; };
		BE2EC05E29507C3900D8067C /* NetworkServivce.swift in Sources */ = {isa = PBXBuildFile; fileRef = BE2EC05D29507C3900D8067C /* NetworkServivce.swift */; };
		BE2EC06129507C6D00D8067C /* Constants.swift in Sources */ = {isa = PBXBuildFile; fileRef = BE2EC06029507C6D00D8067C /* Constants.swift */; };
		BE2EC06329507D4500D8067C /* ItunesSearchApiModel.swift in Sources */ = {isa = PBXBuildFile; fileRef = BE2EC06229507D4500D8067C /* ItunesSearchApiModel.swift */; };
		BE2EC066295081AC00D8067C /* HomeViewModel.swift in Sources */ = {isa = PBXBuildFile; fileRef = BE2EC065295081AC00D8067C /* HomeViewModel.swift */; };
		BE2EC0692950831000D8067C /* Alamofire in Frameworks */ = {isa = PBXBuildFile; productRef = BE2EC0682950831000D8067C /* Alamofire */; };
		BE2EC06C2950832800D8067C /* AlamofireImage in Frameworks */ = {isa = PBXBuildFile; productRef = BE2EC06B2950832800D8067C /* AlamofireImage */; };
		BE2EC06E2950977B00D8067C /* HomeCollectionViewCell.swift in Sources */ = {isa = PBXBuildFile; fileRef = BE2EC06D2950977B00D8067C /* HomeCollectionViewCell.swift */; };
		BE2EC07029509F6000D8067C /* HomeCollectionHeaderView.swift in Sources */ = {isa = PBXBuildFile; fileRef = BE2EC06F29509F6000D8067C /* HomeCollectionHeaderView.swift */; };
/* End PBXBuildFile section */

/* Begin PBXFileReference section */
		BE2EC04029507B9D00D8067C /* NesineApp.app */ = {isa = PBXFileReference; explicitFileType = wrapper.application; includeInIndex = 0; path = NesineApp.app; sourceTree = BUILT_PRODUCTS_DIR; };
		BE2EC04329507B9D00D8067C /* AppDelegate.swift */ = {isa = PBXFileReference; lastKnownFileType = sourcecode.swift; path = AppDelegate.swift; sourceTree = "<group>"; };
		BE2EC04529507B9D00D8067C /* SceneDelegate.swift */ = {isa = PBXFileReference; lastKnownFileType = sourcecode.swift; path = SceneDelegate.swift; sourceTree = "<group>"; };
		BE2EC04729507B9D00D8067C /* HomeViewController.swift */ = {isa = PBXFileReference; lastKnownFileType = sourcecode.swift; path = HomeViewController.swift; sourceTree = "<group>"; };
		BE2EC04A29507B9D00D8067C /* Base */ = {isa = PBXFileReference; lastKnownFileType = file.storyboard; name = Base; path = Base.lproj/Main.storyboard; sourceTree = "<group>"; };
		BE2EC04C29507B9E00D8067C /* Assets.xcassets */ = {isa = PBXFileReference; lastKnownFileType = folder.assetcatalog; path = Assets.xcassets; sourceTree = "<group>"; };
		BE2EC04F29507B9E00D8067C /* Base */ = {isa = PBXFileReference; lastKnownFileType = file.storyboard; name = Base; path = Base.lproj/LaunchScreen.storyboard; sourceTree = "<group>"; };
		BE2EC05129507B9E00D8067C /* Info.plist */ = {isa = PBXFileReference; lastKnownFileType = text.plist.xml; path = Info.plist; sourceTree = "<group>"; };
		BE2EC05D29507C3900D8067C /* NetworkServivce.swift */ = {isa = PBXFileReference; lastKnownFileType = sourcecode.swift; path = NetworkServivce.swift; sourceTree = "<group>"; };
		BE2EC06029507C6D00D8067C /* Constants.swift */ = {isa = PBXFileReference; lastKnownFileType = sourcecode.swift; path = Constants.swift; sourceTree = "<group>"; };
		BE2EC06229507D4500D8067C /* ItunesSearchApiModel.swift */ = {isa = PBXFileReference; lastKnownFileType = sourcecode.swift; path = ItunesSearchApiModel.swift; sourceTree = "<group>"; };
		BE2EC065295081AC00D8067C /* HomeViewModel.swift */ = {isa = PBXFileReference; lastKnownFileType = sourcecode.swift; path = HomeViewModel.swift; sourceTree = "<group>"; };
		BE2EC06D2950977B00D8067C /* HomeCollectionViewCell.swift */ = {isa = PBXFileReference; lastKnownFileType = sourcecode.swift; path = HomeCollectionViewCell.swift; sourceTree = "<group>"; };
		BE2EC06F29509F6000D8067C /* HomeCollectionHeaderView.swift */ = {isa = PBXFileReference; lastKnownFileType = sourcecode.swift; path = HomeCollectionHeaderView.swift; sourceTree = "<group>"; };
/* End PBXFileReference section */

/* Begin PBXFrameworksBuildPhase section */
		BE2EC03D29507B9D00D8067C /* Frameworks */ = {
			isa = PBXFrameworksBuildPhase;
			buildActionMask = 2147483647;
			files = (
				BE2EC0692950831000D8067C /* Alamofire in Frameworks */,
				BE2EC06C2950832800D8067C /* AlamofireImage in Frameworks */,
			);
			runOnlyForDeploymentPostprocessing = 0;
		};
/* End PBXFrameworksBuildPhase section */

/* Begin PBXGroup section */
		BE2EC03729507B9D00D8067C = {
			isa = PBXGroup;
			children = (
				BE2EC04229507B9D00D8067C /* NesineApp */,
				BE2EC04129507B9D00D8067C /* Products */,
			);
			sourceTree = "<group>";
		};
		BE2EC04129507B9D00D8067C /* Products */ = {
			isa = PBXGroup;
			children = (
				BE2EC04029507B9D00D8067C /* NesineApp.app */,
			);
			name = Products;
			sourceTree = "<group>";
		};
		BE2EC04229507B9D00D8067C /* NesineApp */ = {
			isa = PBXGroup;
			children = (
				BE2EC05F29507C6100D8067C /* Utilities */,
				BE2EC05C29507C1300D8067C /* NetworkService */,
				BE2EC05B29507BD900D8067C /* Core */,
				BE2EC05A29507BC800D8067C /* Home */,
				BE2EC0642950817000D8067C /* Detail */,
				BE2EC04929507B9D00D8067C /* Main.storyboard */,
				BE2EC04C29507B9E00D8067C /* Assets.xcassets */,
				BE2EC04E29507B9E00D8067C /* LaunchScreen.storyboard */,
				BE2EC05129507B9E00D8067C /* Info.plist */,
			);
			path = NesineApp;
			sourceTree = "<group>";
		};
		BE2EC05729507BAC00D8067C /* Model */ = {
			isa = PBXGroup;
			children = (
				BE2EC06229507D4500D8067C /* ItunesSearchApiModel.swift */,
			);
			path = Model;
			sourceTree = "<group>";
		};
		BE2EC05829507BB400D8067C /* ViewModel */ = {
			isa = PBXGroup;
			children = (
				BE2EC065295081AC00D8067C /* HomeViewModel.swift */,
			);
			path = ViewModel;
			sourceTree = "<group>";
		};
		BE2EC05929507BBC00D8067C /* View */ = {
			isa = PBXGroup;
			children = (
				BE2EC04729507B9D00D8067C /* HomeViewController.swift */,
				BE2EC06D2950977B00D8067C /* HomeCollectionViewCell.swift */,
				BE2EC06F29509F6000D8067C /* HomeCollectionHeaderView.swift */,
			);
			path = View;
			sourceTree = "<group>";
		};
		BE2EC05A29507BC800D8067C /* Home */ = {
			isa = PBXGroup;
			children = (
				BE2EC05729507BAC00D8067C /* Model */,
				BE2EC05929507BBC00D8067C /* View */,
				BE2EC05829507BB400D8067C /* ViewModel */,
			);
			path = Home;
			sourceTree = "<group>";
		};
		BE2EC05B29507BD900D8067C /* Core */ = {
			isa = PBXGroup;
			children = (
				BE2EC04529507B9D00D8067C /* SceneDelegate.swift */,
				BE2EC04329507B9D00D8067C /* AppDelegate.swift */,
			);
			path = Core;
			sourceTree = "<group>";
		};
		BE2EC05C29507C1300D8067C /* NetworkService */ = {
			isa = PBXGroup;
			children = (
				BE2EC05D29507C3900D8067C /* NetworkServivce.swift */,
			);
			path = NetworkService;
			sourceTree = "<group>";
		};
		BE2EC05F29507C6100D8067C /* Utilities */ = {
			isa = PBXGroup;
			children = (
				BE2EC06029507C6D00D8067C /* Constants.swift */,
			);
			path = Utilities;
			sourceTree = "<group>";
		};
		BE2EC0642950817000D8067C /* Detail */ = {
			isa = PBXGroup;
			children = (
			);
			path = Detail;
			sourceTree = "<group>";
		};
/* End PBXGroup section */

/* Begin PBXNativeTarget section */
		BE2EC03F29507B9D00D8067C /* NesineApp */ = {
			isa = PBXNativeTarget;
			buildConfigurationList = BE2EC05429507B9E00D8067C /* Build configuration list for PBXNativeTarget "NesineApp" */;
			buildPhases = (
				BE2EC03C29507B9D00D8067C /* Sources */,
				BE2EC03D29507B9D00D8067C /* Frameworks */,
				BE2EC03E29507B9D00D8067C /* Resources */,
			);
			buildRules = (
			);
			dependencies = (
			);
			name = NesineApp;
			packageProductDependencies = (
				BE2EC0682950831000D8067C /* Alamofire */,
				BE2EC06B2950832800D8067C /* AlamofireImage */,
			);
			productName = NesineApp;
			productReference = BE2EC04029507B9D00D8067C /* NesineApp.app */;
			productType = "com.apple.product-type.application";
		};
/* End PBXNativeTarget section */

/* Begin PBXProject section */
		BE2EC03829507B9D00D8067C /* Project object */ = {
			isa = PBXProject;
			attributes = {
				BuildIndependentTargetsInParallel = 1;
				LastSwiftUpdateCheck = 1400;
				LastUpgradeCheck = 1400;
				TargetAttributes = {
					BE2EC03F29507B9D00D8067C = {
						CreatedOnToolsVersion = 14.0;
					};
				};
			};
			buildConfigurationList = BE2EC03B29507B9D00D8067C /* Build configuration list for PBXProject "NesineApp" */;
			compatibilityVersion = "Xcode 14.0";
			developmentRegion = en;
			hasScannedForEncodings = 0;
			knownRegions = (
				en,
				Base,
			);
			mainGroup = BE2EC03729507B9D00D8067C;
			packageReferences = (
				BE2EC0672950831000D8067C /* XCRemoteSwiftPackageReference "Alamofire" */,
				BE2EC06A2950832800D8067C /* XCRemoteSwiftPackageReference "AlamofireImage" */,
			);
			productRefGroup = BE2EC04129507B9D00D8067C /* Products */;
			projectDirPath = "";
			projectRoot = "";
			targets = (
				BE2EC03F29507B9D00D8067C /* NesineApp */,
			);
		};
/* End PBXProject section */

/* Begin PBXResourcesBuildPhase section */
		BE2EC03E29507B9D00D8067C /* Resources */ = {
			isa = PBXResourcesBuildPhase;
			buildActionMask = 2147483647;
			files = (
				BE2EC05029507B9E00D8067C /* LaunchScreen.storyboard in Resources */,
				BE2EC04D29507B9E00D8067C /* Assets.xcassets in Resources */,
				BE2EC04B29507B9D00D8067C /* Main.storyboard in Resources */,
			);
			runOnlyForDeploymentPostprocessing = 0;
		};
/* End PBXResourcesBuildPhase section */

/* Begin PBXSourcesBuildPhase section */
		BE2EC03C29507B9D00D8067C /* Sources */ = {
			isa = PBXSourcesBuildPhase;
			buildActionMask = 2147483647;
			files = (
				BE2EC04829507B9D00D8067C /* HomeViewController.swift in Sources */,
				BE2EC06129507C6D00D8067C /* Constants.swift in Sources */,
				BE2EC066295081AC00D8067C /* HomeViewModel.swift in Sources */,
				BE2EC07029509F6000D8067C /* HomeCollectionHeaderView.swift in Sources */,
				BE2EC06329507D4500D8067C /* ItunesSearchApiModel.swift in Sources */,
				BE2EC05E29507C3900D8067C /* NetworkServivce.swift in Sources */,
				BE2EC04429507B9D00D8067C /* AppDelegate.swift in Sources */,
				BE2EC04629507B9D00D8067C /* SceneDelegate.swift in Sources */,
				BE2EC06E2950977B00D8067C /* HomeCollectionViewCell.swift in Sources */,
			);
			runOnlyForDeploymentPostprocessing = 0;
		};
/* End PBXSourcesBuildPhase section */

/* Begin PBXVariantGroup section */
		BE2EC04929507B9D00D8067C /* Main.storyboard */ = {
			isa = PBXVariantGroup;
			children = (
				BE2EC04A29507B9D00D8067C /* Base */,
			);
			name = Main.storyboard;
			sourceTree = "<group>";
		};
		BE2EC04E29507B9E00D8067C /* LaunchScreen.storyboard */ = {
			isa = PBXVariantGroup;
			children = (
				BE2EC04F29507B9E00D8067C /* Base */,
			);
			name = LaunchScreen.storyboard;
			sourceTree = "<group>";
		};
/* End PBXVariantGroup section */

/* Begin XCBuildConfiguration section */
		BE2EC05229507B9E00D8067C /* Debug */ = {
			isa = XCBuildConfiguration;
			buildSettings = {
				ALWAYS_SEARCH_USER_PATHS = NO;
				CLANG_ANALYZER_NONNULL = YES;
				CLANG_ANALYZER_NUMBER_OBJECT_CONVERSION = YES_AGGRESSIVE;
				CLANG_CXX_LANGUAGE_STANDARD = "gnu++20";
				CLANG_ENABLE_MODULES = YES;
				CLANG_ENABLE_OBJC_ARC = YES;
				CLANG_ENABLE_OBJC_WEAK = YES;
				CLANG_WARN_BLOCK_CAPTURE_AUTORELEASING = YES;
				CLANG_WARN_BOOL_CONVERSION = YES;
				CLANG_WARN_COMMA = YES;
				CLANG_WARN_CONSTANT_CONVERSION = YES;
				CLANG_WARN_DEPRECATED_OBJC_IMPLEMENTATIONS = YES;
				CLANG_WARN_DIRECT_OBJC_ISA_USAGE = YES_ERROR;
				CLANG_WARN_DOCUMENTATION_COMMENTS = YES;
				CLANG_WARN_EMPTY_BODY = YES;
				CLANG_WARN_ENUM_CONVERSION = YES;
				CLANG_WARN_INFINITE_RECURSION = YES;
				CLANG_WARN_INT_CONVERSION = YES;
				CLANG_WARN_NON_LITERAL_NULL_CONVERSION = YES;
				CLANG_WARN_OBJC_IMPLICIT_RETAIN_SELF = YES;
				CLANG_WARN_OBJC_LITERAL_CONVERSION = YES;
				CLANG_WARN_OBJC_ROOT_CLASS = YES_ERROR;
				CLANG_WARN_QUOTED_INCLUDE_IN_FRAMEWORK_HEADER = YES;
				CLANG_WARN_RANGE_LOOP_ANALYSIS = YES;
				CLANG_WARN_STRICT_PROTOTYPES = YES;
				CLANG_WARN_SUSPICIOUS_MOVE = YES;
				CLANG_WARN_UNGUARDED_AVAILABILITY = YES_AGGRESSIVE;
				CLANG_WARN_UNREACHABLE_CODE = YES;
				CLANG_WARN__DUPLICATE_METHOD_MATCH = YES;
				COPY_PHASE_STRIP = NO;
				DEBUG_INFORMATION_FORMAT = dwarf;
				ENABLE_STRICT_OBJC_MSGSEND = YES;
				ENABLE_TESTABILITY = YES;
				GCC_C_LANGUAGE_STANDARD = gnu11;
				GCC_DYNAMIC_NO_PIC = NO;
				GCC_NO_COMMON_BLOCKS = YES;
				GCC_OPTIMIZATION_LEVEL = 0;
				GCC_PREPROCESSOR_DEFINITIONS = (
					"DEBUG=1",
					"$(inherited)",
				);
				GCC_WARN_64_TO_32_BIT_CONVERSION = YES;
				GCC_WARN_ABOUT_RETURN_TYPE = YES_ERROR;
				GCC_WARN_UNDECLARED_SELECTOR = YES;
				GCC_WARN_UNINITIALIZED_AUTOS = YES_AGGRESSIVE;
				GCC_WARN_UNUSED_FUNCTION = YES;
				GCC_WARN_UNUSED_VARIABLE = YES;
				IPHONEOS_DEPLOYMENT_TARGET = 16.0;
				MTL_ENABLE_DEBUG_INFO = INCLUDE_SOURCE;
				MTL_FAST_MATH = YES;
				ONLY_ACTIVE_ARCH = YES;
				SDKROOT = iphoneos;
				SWIFT_ACTIVE_COMPILATION_CONDITIONS = DEBUG;
				SWIFT_OPTIMIZATION_LEVEL = "-Onone";
			};
			name = Debug;
		};
		BE2EC05329507B9E00D8067C /* Release */ = {
			isa = XCBuildConfiguration;
			buildSettings = {
				ALWAYS_SEARCH_USER_PATHS = NO;
				CLANG_ANALYZER_NONNULL = YES;
				CLANG_ANALYZER_NUMBER_OBJECT_CONVERSION = YES_AGGRESSIVE;
				CLANG_CXX_LANGUAGE_STANDARD = "gnu++20";
				CLANG_ENABLE_MODULES = YES;
				CLANG_ENABLE_OBJC_ARC = YES;
				CLANG_ENABLE_OBJC_WEAK = YES;
				CLANG_WARN_BLOCK_CAPTURE_AUTORELEASING = YES;
				CLANG_WARN_BOOL_CONVERSION = YES;
				CLANG_WARN_COMMA = YES;
				CLANG_WARN_CONSTANT_CONVERSION = YES;
				CLANG_WARN_DEPRECATED_OBJC_IMPLEMENTATIONS = YES;
				CLANG_WARN_DIRECT_OBJC_ISA_USAGE = YES_ERROR;
				CLANG_WARN_DOCUMENTATION_COMMENTS = YES;
				CLANG_WARN_EMPTY_BODY = YES;
				CLANG_WARN_ENUM_CONVERSION = YES;
				CLANG_WARN_INFINITE_RECURSION = YES;
				CLANG_WARN_INT_CONVERSION = YES;
				CLANG_WARN_NON_LITERAL_NULL_CONVERSION = YES;
				CLANG_WARN_OBJC_IMPLICIT_RETAIN_SELF = YES;
				CLANG_WARN_OBJC_LITERAL_CONVERSION = YES;
				CLANG_WARN_OBJC_ROOT_CLASS = YES_ERROR;
				CLANG_WARN_QUOTED_INCLUDE_IN_FRAMEWORK_HEADER = YES;
				CLANG_WARN_RANGE_LOOP_ANALYSIS = YES;
				CLANG_WARN_STRICT_PROTOTYPES = YES;
				CLANG_WARN_SUSPICIOUS_MOVE = YES;
				CLANG_WARN_UNGUARDED_AVAILABILITY = YES_AGGRESSIVE;
				CLANG_WARN_UNREACHABLE_CODE = YES;
				CLANG_WARN__DUPLICATE_METHOD_MATCH = YES;
				COPY_PHASE_STRIP = NO;
				DEBUG_INFORMATION_FORMAT = "dwarf-with-dsym";
				ENABLE_NS_ASSERTIONS = NO;
				ENABLE_STRICT_OBJC_MSGSEND = YES;
				GCC_C_LANGUAGE_STANDARD = gnu11;
				GCC_NO_COMMON_BLOCKS = YES;
				GCC_WARN_64_TO_32_BIT_CONVERSION = YES;
				GCC_WARN_ABOUT_RETURN_TYPE = YES_ERROR;
				GCC_WARN_UNDECLARED_SELECTOR = YES;
				GCC_WARN_UNINITIALIZED_AUTOS = YES_AGGRESSIVE;
				GCC_WARN_UNUSED_FUNCTION = YES;
				GCC_WARN_UNUSED_VARIABLE = YES;
				IPHONEOS_DEPLOYMENT_TARGET = 16.0;
				MTL_ENABLE_DEBUG_INFO = NO;
				MTL_FAST_MATH = YES;
				SDKROOT = iphoneos;
				SWIFT_COMPILATION_MODE = wholemodule;
				SWIFT_OPTIMIZATION_LEVEL = "-O";
				VALIDATE_PRODUCT = YES;
			};
			name = Release;
		};
		BE2EC05529507B9E00D8067C /* Debug */ = {
			isa = XCBuildConfiguration;
			buildSettings = {
				ASSETCATALOG_COMPILER_APPICON_NAME = AppIcon;
				ASSETCATALOG_COMPILER_GLOBAL_ACCENT_COLOR_NAME = AccentColor;
				CODE_SIGN_STYLE = Automatic;
				CURRENT_PROJECT_VERSION = 1;
				DEVELOPMENT_TEAM = 6K9A74HN99;
				GENERATE_INFOPLIST_FILE = YES;
				INFOPLIST_FILE = NesineApp/Info.plist;
				INFOPLIST_KEY_UIApplicationSupportsIndirectInputEvents = YES;
				INFOPLIST_KEY_UILaunchStoryboardName = LaunchScreen;
				INFOPLIST_KEY_UIMainStoryboardFile = Main;
				INFOPLIST_KEY_UISupportedInterfaceOrientations_iPad = "UIInterfaceOrientationPortrait UIInterfaceOrientationPortraitUpsideDown UIInterfaceOrientationLandscapeLeft UIInterfaceOrientationLandscapeRight";
				INFOPLIST_KEY_UISupportedInterfaceOrientations_iPhone = "UIInterfaceOrientationPortrait UIInterfaceOrientationLandscapeLeft UIInterfaceOrientationLandscapeRight";
				LD_RUNPATH_SEARCH_PATHS = (
					"$(inherited)",
					"@executable_path/Frameworks",
				);
				MARKETING_VERSION = 1.0;
				PRODUCT_BUNDLE_IDENTIFIER = com.test.NesineApp;
				PRODUCT_NAME = "$(TARGET_NAME)";
				SWIFT_EMIT_LOC_STRINGS = YES;
				SWIFT_VERSION = 5.0;
				TARGETED_DEVICE_FAMILY = "1,2";
			};
			name = Debug;
		};
		BE2EC05629507B9E00D8067C /* Release */ = {
			isa = XCBuildConfiguration;
			buildSettings = {
				ASSETCATALOG_COMPILER_APPICON_NAME = AppIcon;
				ASSETCATALOG_COMPILER_GLOBAL_ACCENT_COLOR_NAME = AccentColor;
				CODE_SIGN_STYLE = Automatic;
				CURRENT_PROJECT_VERSION = 1;
				DEVELOPMENT_TEAM = 6K9A74HN99;
				GENERATE_INFOPLIST_FILE = YES;
				INFOPLIST_FILE = NesineApp/Info.plist;
				INFOPLIST_KEY_UIApplicationSupportsIndirectInputEvents = YES;
				INFOPLIST_KEY_UILaunchStoryboardName = LaunchScreen;
				INFOPLIST_KEY_UIMainStoryboardFile = Main;
				INFOPLIST_KEY_UISupportedInterfaceOrientations_iPad = "UIInterfaceOrientationPortrait UIInterfaceOrientationPortraitUpsideDown UIInterfaceOrientationLandscapeLeft UIInterfaceOrientationLandscapeRight";
				INFOPLIST_KEY_UISupportedInterfaceOrientations_iPhone = "UIInterfaceOrientationPortrait UIInterfaceOrientationLandscapeLeft UIInterfaceOrientationLandscapeRight";
				LD_RUNPATH_SEARCH_PATHS = (
					"$(inherited)",
					"@executable_path/Frameworks",
				);
				MARKETING_VERSION = 1.0;
				PRODUCT_BUNDLE_IDENTIFIER = com.test.NesineApp;
				PRODUCT_NAME = "$(TARGET_NAME)";
				SWIFT_EMIT_LOC_STRINGS = YES;
				SWIFT_VERSION = 5.0;
				TARGETED_DEVICE_FAMILY = "1,2";
			};
			name = Release;
		};
/* End XCBuildConfiguration section */

/* Begin XCConfigurationList section */
		BE2EC03B29507B9D00D8067C /* Build configuration list for PBXProject "NesineApp" */ = {
			isa = XCConfigurationList;
			buildConfigurations = (
				BE2EC05229507B9E00D8067C /* Debug */,
				BE2EC05329507B9E00D8067C /* Release */,
			);
			defaultConfigurationIsVisible = 0;
			defaultConfigurationName = Release;
		};
		BE2EC05429507B9E00D8067C /* Build configuration list for PBXNativeTarget "NesineApp" */ = {
			isa = XCConfigurationList;
			buildConfigurations = (
				BE2EC05529507B9E00D8067C /* Debug */,
				BE2EC05629507B9E00D8067C /* Release */,
			);
			defaultConfigurationIsVisible = 0;
			defaultConfigurationName = Release;
		};
/* End XCConfigurationList section */

/* Begin XCRemoteSwiftPackageReference section */
		BE2EC0672950831000D8067C /* XCRemoteSwiftPackageReference "Alamofire" */ = {
			isa = XCRemoteSwiftPackageReference;
			repositoryURL = "https://github.com/Alamofire/Alamofire.git";
			requirement = {
				kind = upToNextMajorVersion;
				minimumVersion = 5.0.0;
			};
		};
		BE2EC06A2950832800D8067C /* XCRemoteSwiftPackageReference "AlamofireImage" */ = {
			isa = XCRemoteSwiftPackageReference;
			repositoryURL = "https://github.com/Alamofire/AlamofireImage.git";
			requirement = {
				branch = master;
				kind = branch;
			};
		};
/* End XCRemoteSwiftPackageReference section */

/* Begin XCSwiftPackageProductDependency section */
		BE2EC0682950831000D8067C /* Alamofire */ = {
			isa = XCSwiftPackageProductDependency;
			package = BE2EC0672950831000D8067C /* XCRemoteSwiftPackageReference "Alamofire" */;
			productName = Alamofire;
		};
		BE2EC06B2950832800D8067C /* AlamofireImage */ = {
			isa = XCSwiftPackageProductDependency;
			package = BE2EC06A2950832800D8067C /* XCRemoteSwiftPackageReference "AlamofireImage" */;
			productName = AlamofireImage;
		};
/* End XCSwiftPackageProductDependency section */
	};
	rootObject = BE2EC03829507B9D00D8067C /* Project object */;
}
